
Microsoft Visual Studio Solution File, Format Version 12.00
# Visual Studio Version 17
VisualStudioVersion = 17.0.31903.59
MinimumVisualStudioVersion = 10.0.40219.1
Project("{FAE04EC0-301F-11D3-BF4B-00C04F79EFBC}") = "01", "01\01.csproj", "{AC14DEEF-7F34-40C9-990F-D0C49796D25F}"
EndProject
Project("{FAE04EC0-301F-11D3-BF4B-00C04F79EFBC}") = "02", "02\02.csproj", "{EE579473-2BBD-440D-B6EC-F0619F45D5B0}"
EndProject
Project("{FAE04EC0-301F-11D3-BF4B-00C04F79EFBC}") = "03-jednoduche-reseni", "03-jednoduche-reseni\03-jednoduche-reseni.csproj", "{ABE60A82-8BB2-46F3-8E98-5544BD27E3D0}"
EndProject
Project("{FAE04EC0-301F-11D3-BF4B-00C04F79EFBC}") = "03-hezke-reseni", "03-hezke-reseni\03-hezke-reseni.csproj", "{4B7D2B6C-8610-4CBD-BAD7-AD10B957314A}"
EndProject
Project("{FAE04EC0-301F-11D3-BF4B-00C04F79EFBC}") = "04", "04\04.csproj", "{049FAD80-FC56-4A94-8B66-19264392F97B}"
EndProject
Project("{FAE04EC0-301F-11D3-BF4B-00C04F79EFBC}") = "05", "05\05.csproj", "{234C8698-51C5-46F2-9F28-252FCF45EC81}"
EndProject
Global
	GlobalSection(SolutionConfigurationPlatforms) = preSolution
		Debug|Any CPU = Debug|Any CPU
		Release|Any CPU = Release|Any CPU
	EndGlobalSection
	GlobalSection(SolutionProperties) = preSolution
		HideSolutionNode = FALSE
	EndGlobalSection
	GlobalSection(ProjectConfigurationPlatforms) = postSolution
		{AC14DEEF-7F34-40C9-990F-D0C49796D25F}.Debug|Any CPU.ActiveCfg = Debug|Any CPU
		{AC14DEEF-7F34-40C9-990F-D0C49796D25F}.Debug|Any CPU.Build.0 = Debug|Any CPU
		{AC14DEEF-7F34-40C9-990F-D0C49796D25F}.Release|Any CPU.ActiveCfg = Release|Any CPU
		{AC14DEEF-7F34-40C9-990F-D0C49796D25F}.Release|Any CPU.Build.0 = Release|Any CPU
		{EE579473-2BBD-440D-B6EC-F0619F45D5B0}.Debug|Any CPU.ActiveCfg = Debug|Any CPU
		{EE579473-2BBD-440D-B6EC-F0619F45D5B0}.Debug|Any CPU.Build.0 = Debug|Any CPU
		{EE579473-2BBD-440D-B6EC-F0619F45D5B0}.Release|Any CPU.ActiveCfg = Release|Any CPU
		{EE579473-2BBD-440D-B6EC-F0619F45D5B0}.Release|Any CPU.Build.0 = Release|Any CPU
		{ABE60A82-8BB2-46F3-8E98-5544BD27E3D0}.Debug|Any CPU.ActiveCfg = Debug|Any CPU
		{ABE60A82-8BB2-46F3-8E98-5544BD27E3D0}.Debug|Any CPU.Build.0 = Debug|Any CPU
		{ABE60A82-8BB2-46F3-8E98-5544BD27E3D0}.Release|Any CPU.ActiveCfg = Release|Any CPU
		{ABE60A82-8BB2-46F3-8E98-5544BD27E3D0}.Release|Any CPU.Build.0 = Release|Any CPU
		{4B7D2B6C-8610-4CBD-BAD7-AD10B957314A}.Debug|Any CPU.ActiveCfg = Debug|Any CPU
		{4B7D2B6C-8610-4CBD-BAD7-AD10B957314A}.Debug|Any CPU.Build.0 = Debug|Any CPU
		{4B7D2B6C-8610-4CBD-BAD7-AD10B957314A}.Release|Any CPU.ActiveCfg = Release|Any CPU
		{4B7D2B6C-8610-4CBD-BAD7-AD10B957314A}.Release|Any CPU.Build.0 = Release|Any CPU
		{049FAD80-FC56-4A94-8B66-19264392F97B}.Debug|Any CPU.ActiveCfg = Debug|Any CPU
		{049FAD80-FC56-4A94-8B66-19264392F97B}.Debug|Any CPU.Build.0 = Debug|Any CPU
		{049FAD80-FC56-4A94-8B66-19264392F97B}.Release|Any CPU.ActiveCfg = Release|Any CPU
		{049FAD80-FC56-4A94-8B66-19264392F97B}.Release|Any CPU.Build.0 = Release|Any CPU
		{234C8698-51C5-46F2-9F28-252FCF45EC81}.Debug|Any CPU.ActiveCfg = Debug|Any CPU
		{234C8698-51C5-46F2-9F28-252FCF45EC81}.Debug|Any CPU.Build.0 = Debug|Any CPU
		{234C8698-51C5-46F2-9F28-252FCF45EC81}.Release|Any CPU.ActiveCfg = Release|Any CPU
		{234C8698-51C5-46F2-9F28-252FCF45EC81}.Release|Any CPU.Build.0 = Release|Any CPU
	EndGlobalSection
EndGlobal
